
Microsoft Visual Studio Solution File, Format Version 12.00
# Visual Studio Version 17
VisualStudioVersion = 17.9.34616.47
MinimumVisualStudioVersion = 10.0.40219.1
Project("{FAE04EC0-301F-11D3-BF4B-00C04F79EFBC}") = "ValentineAnimationApp", "ValentineAnimationApp.csproj", "{D7625D4D-6D1C-4BCA-960D-77EE9963BDD6}"
EndProject
Global
	GlobalSection(SolutionConfigurationPlatforms) = preSolution
		Debug|Any CPU = Debug|Any CPU
		Release|Any CPU = Release|Any CPU
	EndGlobalSection
	GlobalSection(ProjectConfigurationPlatforms) = postSolution
		{D7625D4D-6D1C-4BCA-960D-77EE9963BDD6}.Debug|Any CPU.ActiveCfg = Debug|Any CPU
		{D7625D4D-6D1C-4BCA-960D-77EE9963BDD6}.Debug|Any CPU.Build.0 = Debug|Any CPU
		{D7625D4D-6D1C-4BCA-960D-77EE9963BDD6}.Release|Any CPU.ActiveCfg = Release|Any CPU
		{D7625D4D-6D1C-4BCA-960D-77EE9963BDD6}.Release|Any CPU.Build.0 = Release|Any CPU
	EndGlobalSection
	GlobalSection(SolutionProperties) = preSolution
		HideSolutionNode = FALSE
	EndGlobalSection
	GlobalSection(ExtensibilityGlobals) = postSolution
		SolutionGuid = {5B55DBB1-FDA5-4315-83FC-BBEA64F732E6}
	EndGlobalSection
EndGlobal
